// !$*UTF8*$!
{
	archiveVersion = 1;
	classes = {
	};
	objectVersion = 56;
	objects = {

/* Begin PBXBuildFile section */
		3F32A01C2C4A8D5A00229076 /* PlaceDetail.swift in Sources */ = {isa = PBXBuildFile; fileRef = 3F32A01B2C4A8D5A00229076 /* PlaceDetail.swift */; };
		3F32A01E2C4A946100229076 /* PlaceDetailViewModel.swift in Sources */ = {isa = PBXBuildFile; fileRef = 3F32A01D2C4A946100229076 /* PlaceDetailViewModel.swift */; };
		3F66BB8C2C48494F00352DDD /* HomePageViewModel.swift in Sources */ = {isa = PBXBuildFile; fileRef = 3F66BB8B2C48494F00352DDD /* HomePageViewModel.swift */; };
		3F6CCC562C46BEBE0025BA24 /* Cell.swift in Sources */ = {isa = PBXBuildFile; fileRef = 3F6CCC552C46BEBE0025BA24 /* Cell.swift */; };
		3F6CCC582C46C2D10025BA24 /* Place.swift in Sources */ = {isa = PBXBuildFile; fileRef = 3F6CCC572C46C2D10025BA24 /* Place.swift */; };
		3F6CCC5A2C46D36D0025BA24 /* SavePlacePage.swift in Sources */ = {isa = PBXBuildFile; fileRef = 3F6CCC592C46D36D0025BA24 /* SavePlacePage.swift */; };
		3F6CCC5C2C46D4EC0025BA24 /* SavePlace.swift in Sources */ = {isa = PBXBuildFile; fileRef = 3F6CCC5B2C46D4EC0025BA24 /* SavePlace.swift */; };
		3F6CCC632C46E8BC0025BA24 /* Places.xcdatamodeld in Sources */ = {isa = PBXBuildFile; fileRef = 3F6CCC612C46E8BC0025BA24 /* Places.xcdatamodeld */; };
		3F6CCC652C46E9B70025BA24 /* SavePlaceViewModel.swift in Sources */ = {isa = PBXBuildFile; fileRef = 3F6CCC642C46E9B70025BA24 /* SavePlaceViewModel.swift */; };
		3FB1897F2C42BC4900110B4C /* AppDelegate.swift in Sources */ = {isa = PBXBuildFile; fileRef = 3FB1897E2C42BC4900110B4C /* AppDelegate.swift */; };
		3FB189812C42BC4900110B4C /* SceneDelegate.swift in Sources */ = {isa = PBXBuildFile; fileRef = 3FB189802C42BC4900110B4C /* SceneDelegate.swift */; };
		3FB189832C42BC4900110B4C /* HomePage.swift in Sources */ = {isa = PBXBuildFile; fileRef = 3FB189822C42BC4900110B4C /* HomePage.swift */; };
		3FB189882C42BC4B00110B4C /* Assets.xcassets in Resources */ = {isa = PBXBuildFile; fileRef = 3FB189872C42BC4B00110B4C /* Assets.xcassets */; };
		3FB1898B2C42BC4B00110B4C /* LaunchScreen.storyboard in Resources */ = {isa = PBXBuildFile; fileRef = 3FB189892C42BC4B00110B4C /* LaunchScreen.storyboard */; };
/* End PBXBuildFile section */

/* Begin PBXFileReference section */
		3F32A01B2C4A8D5A00229076 /* PlaceDetail.swift */ = {isa = PBXFileReference; lastKnownFileType = sourcecode.swift; path = PlaceDetail.swift; sourceTree = "<group>"; };
		3F32A01D2C4A946100229076 /* PlaceDetailViewModel.swift */ = {isa = PBXFileReference; lastKnownFileType = sourcecode.swift; path = PlaceDetailViewModel.swift; sourceTree = "<group>"; };
		3F66BB8B2C48494F00352DDD /* HomePageViewModel.swift */ = {isa = PBXFileReference; lastKnownFileType = sourcecode.swift; path = HomePageViewModel.swift; sourceTree = "<group>"; };
		3F6CCC552C46BEBE0025BA24 /* Cell.swift */ = {isa = PBXFileReference; lastKnownFileType = sourcecode.swift; path = Cell.swift; sourceTree = "<group>"; };
		3F6CCC572C46C2D10025BA24 /* Place.swift */ = {isa = PBXFileReference; lastKnownFileType = sourcecode.swift; path = Place.swift; sourceTree = "<group>"; };
		3F6CCC592C46D36D0025BA24 /* SavePlacePage.swift */ = {isa = PBXFileReference; lastKnownFileType = sourcecode.swift; path = SavePlacePage.swift; sourceTree = "<group>"; };
		3F6CCC5B2C46D4EC0025BA24 /* SavePlace.swift */ = {isa = PBXFileReference; lastKnownFileType = sourcecode.swift; path = SavePlace.swift; sourceTree = "<group>"; };
		3F6CCC622C46E8BC0025BA24 /* Places.xcdatamodel */ = {isa = PBXFileReference; lastKnownFileType = wrapper.xcdatamodel; path = Places.xcdatamodel; sourceTree = "<group>"; };
		3F6CCC642C46E9B70025BA24 /* SavePlaceViewModel.swift */ = {isa = PBXFileReference; lastKnownFileType = sourcecode.swift; path = SavePlaceViewModel.swift; sourceTree = "<group>"; };
		3FB1897B2C42BC4900110B4C /* TravelBook.app */ = {isa = PBXFileReference; explicitFileType = wrapper.application; includeInIndex = 0; path = TravelBook.app; sourceTree = BUILT_PRODUCTS_DIR; };
		3FB1897E2C42BC4900110B4C /* AppDelegate.swift */ = {isa = PBXFileReference; lastKnownFileType = sourcecode.swift; path = AppDelegate.swift; sourceTree = "<group>"; };
		3FB189802C42BC4900110B4C /* SceneDelegate.swift */ = {isa = PBXFileReference; lastKnownFileType = sourcecode.swift; path = SceneDelegate.swift; sourceTree = "<group>"; };
		3FB189822C42BC4900110B4C /* HomePage.swift */ = {isa = PBXFileReference; lastKnownFileType = sourcecode.swift; path = HomePage.swift; sourceTree = "<group>"; };
		3FB189872C42BC4B00110B4C /* Assets.xcassets */ = {isa = PBXFileReference; lastKnownFileType = folder.assetcatalog; path = Assets.xcassets; sourceTree = "<group>"; };
		3FB1898A2C42BC4B00110B4C /* Base */ = {isa = PBXFileReference; lastKnownFileType = file.storyboard; name = Base; path = Base.lproj/LaunchScreen.storyboard; sourceTree = "<group>"; };
		3FB1898C2C42BC4B00110B4C /* Info.plist */ = {isa = PBXFileReference; lastKnownFileType = text.plist.xml; path = Info.plist; sourceTree = "<group>"; };
/* End PBXFileReference section */

/* Begin PBXFrameworksBuildPhase section */
		3FB189782C42BC4900110B4C /* Frameworks */ = {
			isa = PBXFrameworksBuildPhase;
			buildActionMask = 2147483647;
			files = (
			);
			runOnlyForDeploymentPostprocessing = 0;
		};
/* End PBXFrameworksBuildPhase section */

/* Begin PBXGroup section */
		3F0415202C45B18100868AB1 /* Model */ = {
			isa = PBXGroup;
			children = (
				3F6CCC572C46C2D10025BA24 /* Place.swift */,
				3F6CCC5B2C46D4EC0025BA24 /* SavePlace.swift */,
			);
			path = Model;
			sourceTree = "<group>";
		};
		3F0415222C45B19F00868AB1 /* ViewModel */ = {
			isa = PBXGroup;
			children = (
				3F6CCC642C46E9B70025BA24 /* SavePlaceViewModel.swift */,
				3F66BB8B2C48494F00352DDD /* HomePageViewModel.swift */,
				3F32A01D2C4A946100229076 /* PlaceDetailViewModel.swift */,
			);
			path = ViewModel;
			sourceTree = "<group>";
		};
		3F0415232C45B1B500868AB1 /* View */ = {
			isa = PBXGroup;
			children = (
				3FB189822C42BC4900110B4C /* HomePage.swift */,
				3F6CCC592C46D36D0025BA24 /* SavePlacePage.swift */,
				3F32A01B2C4A8D5A00229076 /* PlaceDetail.swift */,
			);
			path = View;
			sourceTree = "<group>";
		};
		3F6CCC522C46BE500025BA24 /* UI */ = {
			isa = PBXGroup;
			children = (
				3F6CCC542C46BEA80025BA24 /* TableView */,
				3F0415222C45B19F00868AB1 /* ViewModel */,
				3F0415232C45B1B500868AB1 /* View */,
			);
			path = UI;
			sourceTree = "<group>";
		};
		3F6CCC532C46BE670025BA24 /* Data */ = {
			isa = PBXGroup;
			children = (
				3F6CCC602C46E6710025BA24 /* data */,
				3F0415202C45B18100868AB1 /* Model */,
			);
			path = Data;
			sourceTree = "<group>";
		};
		3F6CCC542C46BEA80025BA24 /* TableView */ = {
			isa = PBXGroup;
			children = (
				3F6CCC552C46BEBE0025BA24 /* Cell.swift */,
			);
			path = TableView;
			sourceTree = "<group>";
		};
		3F6CCC602C46E6710025BA24 /* data */ = {
			isa = PBXGroup;
			children = (
			);
			path = data;
			sourceTree = "<group>";
		};
		3FB189722C42BC4900110B4C = {
			isa = PBXGroup;
			children = (
				3FB1897D2C42BC4900110B4C /* TravelBook */,
				3FB1897C2C42BC4900110B4C /* Products */,
			);
			sourceTree = "<group>";
		};
		3FB1897C2C42BC4900110B4C /* Products */ = {
			isa = PBXGroup;
			children = (
				3FB1897B2C42BC4900110B4C /* TravelBook.app */,
			);
			name = Products;
			sourceTree = "<group>";
		};
		3FB1897D2C42BC4900110B4C /* TravelBook */ = {
			isa = PBXGroup;
			children = (
				3FB1897E2C42BC4900110B4C /* AppDelegate.swift */,
				3FB189802C42BC4900110B4C /* SceneDelegate.swift */,
				3F6CCC532C46BE670025BA24 /* Data */,
				3F6CCC522C46BE500025BA24 /* UI */,
				3FB189872C42BC4B00110B4C /* Assets.xcassets */,
				3FB189892C42BC4B00110B4C /* LaunchScreen.storyboard */,
				3FB1898C2C42BC4B00110B4C /* Info.plist */,
				3F6CCC612C46E8BC0025BA24 /* Places.xcdatamodeld */,
			);
			path = TravelBook;
			sourceTree = "<group>";
		};
/* End PBXGroup section */

/* Begin PBXNativeTarget section */
		3FB1897A2C42BC4900110B4C /* TravelBook */ = {
			isa = PBXNativeTarget;
			buildConfigurationList = 3FB1898F2C42BC4B00110B4C /* Build configuration list for PBXNativeTarget "TravelBook" */;
			buildPhases = (
				3FB189772C42BC4900110B4C /* Sources */,
				3FB189782C42BC4900110B4C /* Frameworks */,
				3FB189792C42BC4900110B4C /* Resources */,
			);
			buildRules = (
			);
			dependencies = (
			);
			name = TravelBook;
			productName = TravelBook;
			productReference = 3FB1897B2C42BC4900110B4C /* TravelBook.app */;
			productType = "com.apple.product-type.application";
		};
/* End PBXNativeTarget section */

/* Begin PBXProject section */
		3FB189732C42BC4900110B4C /* Project object */ = {
			isa = PBXProject;
			attributes = {
				BuildIndependentTargetsInParallel = 1;
				LastSwiftUpdateCheck = 1520;
				LastUpgradeCheck = 1520;
				TargetAttributes = {
					3FB1897A2C42BC4900110B4C = {
						CreatedOnToolsVersion = 15.2;
					};
				};
			};
			buildConfigurationList = 3FB189762C42BC4900110B4C /* Build configuration list for PBXProject "TravelBook" */;
			compatibilityVersion = "Xcode 14.0";
			developmentRegion = en;
			hasScannedForEncodings = 0;
			knownRegions = (
				en,
				Base,
			);
			mainGroup = 3FB189722C42BC4900110B4C;
			productRefGroup = 3FB1897C2C42BC4900110B4C /* Products */;
			projectDirPath = "";
			projectRoot = "";
			targets = (
				3FB1897A2C42BC4900110B4C /* TravelBook */,
			);
		};
/* End PBXProject section */

/* Begin PBXResourcesBuildPhase section */
		3FB189792C42BC4900110B4C /* Resources */ = {
			isa = PBXResourcesBuildPhase;
			buildActionMask = 2147483647;
			files = (
				3FB1898B2C42BC4B00110B4C /* LaunchScreen.storyboard in Resources */,
				3FB189882C42BC4B00110B4C /* Assets.xcassets in Resources */,
			);
			runOnlyForDeploymentPostprocessing = 0;
		};
/* End PBXResourcesBuildPhase section */

/* Begin PBXSourcesBuildPhase section */
		3FB189772C42BC4900110B4C /* Sources */ = {
			isa = PBXSourcesBuildPhase;
			buildActionMask = 2147483647;
			files = (
				3FB189832C42BC4900110B4C /* HomePage.swift in Sources */,
				3F6CCC562C46BEBE0025BA24 /* Cell.swift in Sources */,
				3FB1897F2C42BC4900110B4C /* AppDelegate.swift in Sources */,
				3F6CCC632C46E8BC0025BA24 /* Places.xcdatamodeld in Sources */,
				3F32A01C2C4A8D5A00229076 /* PlaceDetail.swift in Sources */,
				3F66BB8C2C48494F00352DDD /* HomePageViewModel.swift in Sources */,
				3FB189812C42BC4900110B4C /* SceneDelegate.swift in Sources */,
				3F6CCC652C46E9B70025BA24 /* SavePlaceViewModel.swift in Sources */,
				3F6CCC5C2C46D4EC0025BA24 /* SavePlace.swift in Sources */,
				3F32A01E2C4A946100229076 /* PlaceDetailViewModel.swift in Sources */,
				3F6CCC582C46C2D10025BA24 /* Place.swift in Sources */,
				3F6CCC5A2C46D36D0025BA24 /* SavePlacePage.swift in Sources */,
			);
			runOnlyForDeploymentPostprocessing = 0;
		};
/* End PBXSourcesBuildPhase section */

/* Begin PBXVariantGroup section */
		3FB189892C42BC4B00110B4C /* LaunchScreen.storyboard */ = {
			isa = PBXVariantGroup;
			children = (
				3FB1898A2C42BC4B00110B4C /* Base */,
			);
			name = LaunchScreen.storyboard;
			sourceTree = "<group>";
		};
/* End PBXVariantGroup section */

/* Begin XCBuildConfiguration section */
		3FB1898D2C42BC4B00110B4C /* Debug */ = {
			isa = XCBuildConfiguration;
			buildSettings = {
				ALWAYS_SEARCH_USER_PATHS = NO;
				ASSETCATALOG_COMPILER_GENERATE_SWIFT_ASSET_SYMBOL_EXTENSIONS = YES;
				CLANG_ANALYZER_NONNULL = YES;
				CLANG_ANALYZER_NUMBER_OBJECT_CONVERSION = YES_AGGRESSIVE;
				CLANG_CXX_LANGUAGE_STANDARD = "gnu++20";
				CLANG_ENABLE_MODULES = YES;
				CLANG_ENABLE_OBJC_ARC = YES;
				CLANG_ENABLE_OBJC_WEAK = YES;
				CLANG_WARN_BLOCK_CAPTURE_AUTORELEASING = YES;
				CLANG_WARN_BOOL_CONVERSION = YES;
				CLANG_WARN_COMMA = YES;
				CLANG_WARN_CONSTANT_CONVERSION = YES;
				CLANG_WARN_DEPRECATED_OBJC_IMPLEMENTATIONS = YES;
				CLANG_WARN_DIRECT_OBJC_ISA_USAGE = YES_ERROR;
				CLANG_WARN_DOCUMENTATION_COMMENTS = YES;
				CLANG_WARN_EMPTY_BODY = YES;
				CLANG_WARN_ENUM_CONVERSION = YES;
				CLANG_WARN_INFINITE_RECURSION = YES;
				CLANG_WARN_INT_CONVERSION = YES;
				CLANG_WARN_NON_LITERAL_NULL_CONVERSION = YES;
				CLANG_WARN_OBJC_IMPLICIT_RETAIN_SELF = YES;
				CLANG_WARN_OBJC_LITERAL_CONVERSION = YES;
				CLANG_WARN_OBJC_ROOT_CLASS = YES_ERROR;
				CLANG_WARN_QUOTED_INCLUDE_IN_FRAMEWORK_HEADER = YES;
				CLANG_WARN_RANGE_LOOP_ANALYSIS = YES;
				CLANG_WARN_STRICT_PROTOTYPES = YES;
				CLANG_WARN_SUSPICIOUS_MOVE = YES;
				CLANG_WARN_UNGUARDED_AVAILABILITY = YES_AGGRESSIVE;
				CLANG_WARN_UNREACHABLE_CODE = YES;
				CLANG_WARN__DUPLICATE_METHOD_MATCH = YES;
				COPY_PHASE_STRIP = NO;
				DEBUG_INFORMATION_FORMAT = dwarf;
				ENABLE_STRICT_OBJC_MSGSEND = YES;
				ENABLE_TESTABILITY = YES;
				ENABLE_USER_SCRIPT_SANDBOXING = YES;
				GCC_C_LANGUAGE_STANDARD = gnu17;
				GCC_DYNAMIC_NO_PIC = NO;
				GCC_NO_COMMON_BLOCKS = YES;
				GCC_OPTIMIZATION_LEVEL = 0;
				GCC_PREPROCESSOR_DEFINITIONS = (
					"DEBUG=1",
					"$(inherited)",
				);
				GCC_WARN_64_TO_32_BIT_CONVERSION = YES;
				GCC_WARN_ABOUT_RETURN_TYPE = YES_ERROR;
				GCC_WARN_UNDECLARED_SELECTOR = YES;
				GCC_WARN_UNINITIALIZED_AUTOS = YES_AGGRESSIVE;
				GCC_WARN_UNUSED_FUNCTION = YES;
				GCC_WARN_UNUSED_VARIABLE = YES;
				IPHONEOS_DEPLOYMENT_TARGET = 17.2;
				LOCALIZATION_PREFERS_STRING_CATALOGS = YES;
				MTL_ENABLE_DEBUG_INFO = INCLUDE_SOURCE;
				MTL_FAST_MATH = YES;
				ONLY_ACTIVE_ARCH = YES;
				SDKROOT = iphoneos;
				SWIFT_ACTIVE_COMPILATION_CONDITIONS = "DEBUG $(inherited)";
				SWIFT_OPTIMIZATION_LEVEL = "-Onone";
			};
			name = Debug;
		};
		3FB1898E2C42BC4B00110B4C /* Release */ = {
			isa = XCBuildConfiguration;
			buildSettings = {
				ALWAYS_SEARCH_USER_PATHS = NO;
				ASSETCATALOG_COMPILER_GENERATE_SWIFT_ASSET_SYMBOL_EXTENSIONS = YES;
				CLANG_ANALYZER_NONNULL = YES;
				CLANG_ANALYZER_NUMBER_OBJECT_CONVERSION = YES_AGGRESSIVE;
				CLANG_CXX_LANGUAGE_STANDARD = "gnu++20";
				CLANG_ENABLE_MODULES = YES;
				CLANG_ENABLE_OBJC_ARC = YES;
				CLANG_ENABLE_OBJC_WEAK = YES;
				CLANG_WARN_BLOCK_CAPTURE_AUTORELEASING = YES;
				CLANG_WARN_BOOL_CONVERSION = YES;
				CLANG_WARN_COMMA = YES;
				CLANG_WARN_CONSTANT_CONVERSION = YES;
				CLANG_WARN_DEPRECATED_OBJC_IMPLEMENTATIONS = YES;
				CLANG_WARN_DIRECT_OBJC_ISA_USAGE = YES_ERROR;
				CLANG_WARN_DOCUMENTATION_COMMENTS = YES;
				CLANG_WARN_EMPTY_BODY = YES;
				CLANG_WARN_ENUM_CONVERSION = YES;
				CLANG_WARN_INFINITE_RECURSION = YES;
				CLANG_WARN_INT_CONVERSION = YES;
				CLANG_WARN_NON_LITERAL_NULL_CONVERSION = YES;
				CLANG_WARN_OBJC_IMPLICIT_RETAIN_SELF = YES;
				CLANG_WARN_OBJC_LITERAL_CONVERSION = YES;
				CLANG_WARN_OBJC_ROOT_CLASS = YES_ERROR;
				CLANG_WARN_QUOTED_INCLUDE_IN_FRAMEWORK_HEADER = YES;
				CLANG_WARN_RANGE_LOOP_ANALYSIS = YES;
				CLANG_WARN_STRICT_PROTOTYPES = YES;
				CLANG_WARN_SUSPICIOUS_MOVE = YES;
				CLANG_WARN_UNGUARDED_AVAILABILITY = YES_AGGRESSIVE;
				CLANG_WARN_UNREACHABLE_CODE = YES;
				CLANG_WARN__DUPLICATE_METHOD_MATCH = YES;
				COPY_PHASE_STRIP = NO;
				DEBUG_INFORMATION_FORMAT = "dwarf-with-dsym";
				ENABLE_NS_ASSERTIONS = NO;
				ENABLE_STRICT_OBJC_MSGSEND = YES;
				ENABLE_USER_SCRIPT_SANDBOXING = YES;
				GCC_C_LANGUAGE_STANDARD = gnu17;
				GCC_NO_COMMON_BLOCKS = YES;
				GCC_WARN_64_TO_32_BIT_CONVERSION = YES;
				GCC_WARN_ABOUT_RETURN_TYPE = YES_ERROR;
				GCC_WARN_UNDECLARED_SELECTOR = YES;
				GCC_WARN_UNINITIALIZED_AUTOS = YES_AGGRESSIVE;
				GCC_WARN_UNUSED_FUNCTION = YES;
				GCC_WARN_UNUSED_VARIABLE = YES;
				IPHONEOS_DEPLOYMENT_TARGET = 17.2;
				LOCALIZATION_PREFERS_STRING_CATALOGS = YES;
				MTL_ENABLE_DEBUG_INFO = NO;
				MTL_FAST_MATH = YES;
				SDKROOT = iphoneos;
				SWIFT_COMPILATION_MODE = wholemodule;
				VALIDATE_PRODUCT = YES;
			};
			name = Release;
		};
		3FB189902C42BC4B00110B4C /* Debug */ = {
			isa = XCBuildConfiguration;
			buildSettings = {
				ASSETCATALOG_COMPILER_APPICON_NAME = AppIcon;
				ASSETCATALOG_COMPILER_GLOBAL_ACCENT_COLOR_NAME = AccentColor;
				CODE_SIGN_STYLE = Automatic;
				CURRENT_PROJECT_VERSION = 1;
				DEVELOPMENT_TEAM = G8LS5S2LHS;
				GENERATE_INFOPLIST_FILE = YES;
				INFOPLIST_FILE = TravelBook/Info.plist;
				INFOPLIST_KEY_UIApplicationSupportsIndirectInputEvents = YES;
				INFOPLIST_KEY_UILaunchStoryboardName = LaunchScreen;
				INFOPLIST_KEY_UIMainStoryboardFile = "";
				INFOPLIST_KEY_UISupportedInterfaceOrientations_iPad = "UIInterfaceOrientationPortrait UIInterfaceOrientationPortraitUpsideDown UIInterfaceOrientationLandscapeLeft UIInterfaceOrientationLandscapeRight";
				INFOPLIST_KEY_UISupportedInterfaceOrientations_iPhone = "UIInterfaceOrientationPortrait UIInterfaceOrientationLandscapeLeft UIInterfaceOrientationLandscapeRight";
				LD_RUNPATH_SEARCH_PATHS = (
					"$(inherited)",
					"@executable_path/Frameworks",
				);
				MARKETING_VERSION = 1.0;
				PRODUCT_BUNDLE_IDENTIFIER = com.emre.TravelBook;
				PRODUCT_NAME = "$(TARGET_NAME)";
				SWIFT_EMIT_LOC_STRINGS = YES;
				SWIFT_VERSION = 5.0;
				TARGETED_DEVICE_FAMILY = "1,2";
			};
			name = Debug;
		};
		3FB189912C42BC4B00110B4C /* Release */ = {
			isa = XCBuildConfiguration;
			buildSettings = {
				ASSETCATALOG_COMPILER_APPICON_NAME = AppIcon;
				ASSETCATALOG_COMPILER_GLOBAL_ACCENT_COLOR_NAME = AccentColor;
				CODE_SIGN_STYLE = Automatic;
				CURRENT_PROJECT_VERSION = 1;
				DEVELOPMENT_TEAM = G8LS5S2LHS;
				GENERATE_INFOPLIST_FILE = YES;
				INFOPLIST_FILE = TravelBook/Info.plist;
				INFOPLIST_KEY_UIApplicationSupportsIndirectInputEvents = YES;
				INFOPLIST_KEY_UILaunchStoryboardName = LaunchScreen;
				INFOPLIST_KEY_UIMainStoryboardFile = "";
				INFOPLIST_KEY_UISupportedInterfaceOrientations_iPad = "UIInterfaceOrientationPortrait UIInterfaceOrientationPortraitUpsideDown UIInterfaceOrientationLandscapeLeft UIInterfaceOrientationLandscapeRight";
				INFOPLIST_KEY_UISupportedInterfaceOrientations_iPhone = "UIInterfaceOrientationPortrait UIInterfaceOrientationLandscapeLeft UIInterfaceOrientationLandscapeRight";
				LD_RUNPATH_SEARCH_PATHS = (
					"$(inherited)",
					"@executable_path/Frameworks",
				);
				MARKETING_VERSION = 1.0;
				PRODUCT_BUNDLE_IDENTIFIER = com.emre.TravelBook;
				PRODUCT_NAME = "$(TARGET_NAME)";
				SWIFT_EMIT_LOC_STRINGS = YES;
				SWIFT_VERSION = 5.0;
				TARGETED_DEVICE_FAMILY = "1,2";
			};
			name = Release;
		};
/* End XCBuildConfiguration section */

/* Begin XCConfigurationList section */
		3FB189762C42BC4900110B4C /* Build configuration list for PBXProject "TravelBook" */ = {
			isa = XCConfigurationList;
			buildConfigurations = (
				3FB1898D2C42BC4B00110B4C /* Debug */,
				3FB1898E2C42BC4B00110B4C /* Release */,
			);
			defaultConfigurationIsVisible = 0;
			defaultConfigurationName = Release;
		};
		3FB1898F2C42BC4B00110B4C /* Build configuration list for PBXNativeTarget "TravelBook" */ = {
			isa = XCConfigurationList;
			buildConfigurations = (
				3FB189902C42BC4B00110B4C /* Debug */,
				3FB189912C42BC4B00110B4C /* Release */,
			);
			defaultConfigurationIsVisible = 0;
			defaultConfigurationName = Release;
		};
/* End XCConfigurationList section */

/* Begin XCVersionGroup section */
		3F6CCC612C46E8BC0025BA24 /* Places.xcdatamodeld */ = {
			isa = XCVersionGroup;
			children = (
				3F6CCC622C46E8BC0025BA24 /* Places.xcdatamodel */,
			);
			currentVersion = 3F6CCC622C46E8BC0025BA24 /* Places.xcdatamodel */;
			path = Places.xcdatamodeld;
			sourceTree = "<group>";
			versionGroupType = wrapper.xcdatamodel;
		};
/* End XCVersionGroup section */
	};
	rootObject = 3FB189732C42BC4900110B4C /* Project object */;
}
